
Microsoft Visual Studio Solution File, Format Version 12.00
# Visual Studio Version 17
VisualStudioVersion = 17.5.002.0
MinimumVisualStudioVersion = 10.0.40219.1
Project("{9A19103F-16F7-4668-BE54-9A1E7A4F7556}") = "keyupMusic", "keyupMusic.csproj", "{EC91DE12-E3BF-4337-A14C-C08BCEACD552}"
EndProject
Global
	GlobalSection(SolutionConfigurationPlatforms) = preSolution
		Debug|Any CPU = Debug|Any CPU
		Release|Any CPU = Release|Any CPU
	EndGlobalSection
	GlobalSection(ProjectConfigurationPlatforms) = postSolution
		{EC91DE12-E3BF-4337-A14C-C08BCEACD552}.Debug|Any CPU.ActiveCfg = Debug|Any CPU
		{EC91DE12-E3BF-4337-A14C-C08BCEACD552}.Debug|Any CPU.Build.0 = Debug|Any CPU
		{EC91DE12-E3BF-4337-A14C-C08BCEACD552}.Release|Any CPU.ActiveCfg = Release|Any CPU
		{EC91DE12-E3BF-4337-A14C-C08BCEACD552}.Release|Any CPU.Build.0 = Release|Any CPU
	EndGlobalSection
	GlobalSection(SolutionProperties) = preSolution
		HideSolutionNode = FALSE
	EndGlobalSection
	GlobalSection(ExtensibilityGlobals) = postSolution
		SolutionGuid = {E9D3584C-FF76-42F0-BCFE-DA9C47210B63}
	EndGlobalSection
EndGlobal
